PODS:
  - connectivity_plus (0.0.1):
    - Flutter
    - ReachabilitySwift
  - Flutter (1.0.0)
  - flutter_native_splash (0.0.1):
    - Flutter
  - FMDB (2.7.5):
    - FMDB/standard (= 2.7.5)
  - FMDB/standard (2.7.5)
  - path_provider (0.0.1):
    - Flutter
  - ReachabilitySwift (5.0.0)
  - sqflite (0.0.2):
    - Flutter
    - FMDB (>= 2.7.5)
  - url_launcher_ios (0.0.1):
    - Flutter
  - video_player_avfoundation (0.0.1):
    - Flutter

DEPENDENCIES:
  - connectivity_plus (from `.symlinks/plugins/connectivity_plus/ios`)
  - Flutter (from `Flutter`)
  - flutter_native_splash (from `.symlinks/plugins/flutter_native_splash/ios`)
  - path_provider (from `.symlinks/plugins/path_provider/ios`)
  - sqflite (from `.symlinks/plugins/sqflite/ios`)
  - url_launcher_ios (from `.symlinks/plugins/url_launcher_ios/ios`)
  - video_player_avfoundation (from `.symlinks/plugins/video_player_avfoundation/ios`)

SPEC REPOS:
  trunk:
    - FMDB
    - ReachabilitySwift

EXTERNAL SOURCES:
  connectivity_plus:
    :path: ".symlinks/plugins/connectivity_plus/ios"
  Flutter:
    :path: Flutter
  flutter_native_splash:
    :path: ".symlinks/plugins/flutter_native_splash/ios"
  path_provider:
    :path: ".symlinks/plugins/path_provider/ios"
  sqflite:
    :path: ".symlinks/plugins/sqflite/ios"
  url_launcher_ios:
    :path: ".symlinks/plugins/url_launcher_ios/ios"
  video_player_avfoundation:
    :path: ".symlinks/plugins/video_player_avfoundation/ios"

SPEC CHECKSUMS:
  connectivity_plus: 413a8857dd5d9f1c399a39130850d02fe0feaf7e
  Flutter: f04841e97a9d0b0a8025694d0796dd46242b2854
  flutter_native_splash: 52501b97d1c0a5f898d687f1646226c1f93c56ef
  FMDB: 2ce00b547f966261cd18927a3ddb07cb6f3db82a
  path_provider: abfe2b5c733d04e238b0d8691db0cfd63a27a93c
  ReachabilitySwift: 985039c6f7b23a1da463388634119492ff86c825
  sqflite: 6d358c025f5b867b29ed92fc697fd34924e11904
  url_launcher_ios: 02f1989d4e14e998335b02b67a7590fa34f971af
  video_player_avfoundation: e489aac24ef5cf7af82702979ed16f2a5ef84cff

PODFILE CHECKSUM: 4e8f8b2be68aeea4c0d5beb6ff1e79fface1d048

COCOAPODS: 1.11.3
